{
  "version": 4,
  "terraform_version": "1.1.2",
  "serial": 51,
  "lineage": "ab5fe9ee-dedb-d867-cdac-79dbf9e50fa9",
  "outputs": {},
  "resources": [
    {
      "mode": "managed",
      "type": "azurerm_linux_virtual_machine",
      "name": "vmlinux",
      "provider": "provider[\"registry.terraform.io/hashicorp/azurerm\"]",
      "instances": [
        {
          "schema_version": 0,
          "attributes": {
            "additional_capabilities": [],
            "admin_password": null,
            "admin_ssh_key": [
              {
                "public_key": "ssh-rsa AAAAB3NzaC1yc2EAAAADAQABAAABgQDNnJZpW3TVUtoPVSecIonXykVaDY4erAK3OrazUpAnLyHquJCqJXt3HKfOkI6QVIIaXYdUHtbIg9yBbx7O8MZ4SUcdN/OZlR7TbfehCYwoKJdYfgN4V1WlJHPDxuYkWpuFGM2BGDXpy/63bPleg9UVcvWsaQnaRqTynSNgjBKtPBLsccPDePYK0k2IwQEuhzPUyHSuGl4Ds/NNo0PfBRiO9UHMPCfn8P+s8GJ5zgbdWTsN2M5dK54NI6TVIK3bOe5RECPPXxUHfo5srZX6T9lW0N/qAzA3jyqVqtW6LKpqg2ryusZKtqnO5ggWp3KcXO5ki5J6ZauAdtE55hoLzhkNOKz6zzGhYespjDNlwm8dMvoZOlIb6GWBruxUdOPCX6OF5qjHpTUTY4oLSLLhzyxdqIqjQ3LzfH6o5NMuZv0mgf6K/zON4LMCYpj8tTfdjeBwUPDCoPKhCb7RPHtLwCSrSb1+1XkoATU9UNp29eu9HXKiyWwfibfeLw9AJTUpkak= n01516507@N01516507-vm1\n",
                "username": "n01516507"
              }
            ],
            "admin_username": "n01516507",
            "allow_extension_operations": true,
            "availability_set_id": "",
            "boot_diagnostics": [],
            "computer_name": "lab03s2-db1-u-vm1",
            "custom_data": null,
            "dedicated_host_id": "",
            "disable_password_authentication": true,
            "encryption_at_host_enabled": false,
            "eviction_policy": "",
            "extensions_time_budget": "PT1H30M",
            "id": "/subscriptions/18821dae-fb44-44a1-805a-e1edd2ef9b06/resourceGroups/TerraformRG/providers/Microsoft.Compute/virtualMachines/lab03s2-db1-u-vm1-vm",
            "identity": [],
            "license_type": "",
            "location": "canadaeast",
            "max_bid_price": -1,
            "name": "lab03s2-db1-u-vm1-vm",
            "network_interface_ids": [
              "/subscriptions/18821dae-fb44-44a1-805a-e1edd2ef9b06/resourceGroups/TerraformRG/providers/Microsoft.Network/networkInterfaces/lab03s2-db1-u-vm1-nic"
            ],
            "os_disk": [
              {
                "caching": "ReadWrite",
                "diff_disk_settings": [],
                "disk_encryption_set_id": "",
                "disk_size_gb": 32,
                "name": "lab03s2-db1-u-vm1-os-disk",
                "storage_account_type": "Premium_LRS",
                "write_accelerator_enabled": false
              }
            ],
            "patch_mode": "ImageDefault",
            "plan": [],
            "platform_fault_domain": -1,
            "priority": "Regular",
            "private_ip_address": "10.0.1.4",
            "private_ip_addresses": [
              "10.0.1.4"
            ],
            "provision_vm_agent": true,
            "proximity_placement_group_id": "",
            "public_ip_address": "40.86.251.129",
            "public_ip_addresses": [
              "40.86.251.129"
            ],
            "resource_group_name": "TerraformRG",
            "secret": [],
            "secure_boot_enabled": false,
            "size": "Standard_B1s",
            "source_image_id": "",
            "source_image_reference": [
              {
                "offer": "UbuntuServer",
                "publisher": "Canonical",
                "sku": "19.04",
                "version": "latest"
              }
            ],
            "tags": null,
            "timeouts": null,
            "user_data": "",
            "virtual_machine_id": "54f0d5d5-d4cd-4f66-b3ab-186c9ce212ae",
            "virtual_machine_scale_set_id": "",
            "vtpm_enabled": false,
            "zone": ""
          },
          "sensitive_attributes": [],
          "private": "eyJlMmJmYjczMC1lY2FhLTExZTYtOGY4OC0zNDM2M2JjN2M0YzAiOnsiY3JlYXRlIjoyNzAwMDAwMDAwMDAwLCJkZWxldGUiOjI3MDAwMDAwMDAwMDAsInJlYWQiOjMwMDAwMDAwMDAwMCwidXBkYXRlIjoyNzAwMDAwMDAwMDAwfX0=",
          "dependencies": [
            "azurerm_network_interface.linux_nic"
          ]
        }
      ]
    },
    {
      "mode": "managed",
      "type": "azurerm_network_interface",
      "name": "linux_nic",
      "provider": "provider[\"registry.terraform.io/hashicorp/azurerm\"]",
      "instances": [
        {
          "schema_version": 0,
          "attributes": {
            "applied_dns_servers": [],
            "dns_servers": [],
            "enable_accelerated_networking": false,
            "enable_ip_forwarding": false,
            "id": "/subscriptions/18821dae-fb44-44a1-805a-e1edd2ef9b06/resourceGroups/TerraformRG/providers/Microsoft.Network/networkInterfaces/lab03s2-db1-u-vm1-nic",
            "internal_dns_name_label": "",
            "internal_domain_name_suffix": "ngordidmyz4erglaszqchygcva.vx.internal.cloudapp.net",
            "ip_configuration": [
              {
                "gateway_load_balancer_frontend_ip_configuration_id": "",
                "name": "lab03s2-db1-u-vm1-ipconfig1",
                "primary": true,
                "private_ip_address": "10.0.1.4",
                "private_ip_address_allocation": "Dynamic",
                "private_ip_address_version": "IPv4",
                "public_ip_address_id": "/subscriptions/18821dae-fb44-44a1-805a-e1edd2ef9b06/resourceGroups/TerraformRG/providers/Microsoft.Network/publicIPAddresses/lab03s2-db1-u-vm1-pip",
                "subnet_id": "/subscriptions/18821dae-fb44-44a1-805a-e1edd2ef9b06/resourceGroups/TerraformRG/providers/Microsoft.Network/virtualNetworks/network-vnet/subnets/network-subnet01"
              }
            ],
            "location": "canadaeast",
            "mac_address": "",
            "name": "lab03s2-db1-u-vm1-nic",
            "private_ip_address": "10.0.1.4",
            "private_ip_addresses": [
              "10.0.1.4"
            ],
            "resource_group_name": "TerraformRG",
            "tags": {},
            "timeouts": null,
            "virtual_machine_id": ""
          },
          "sensitive_attributes": [],
          "private": "eyJlMmJmYjczMC1lY2FhLTExZTYtOGY4OC0zNDM2M2JjN2M0YzAiOnsiY3JlYXRlIjoxODAwMDAwMDAwMDAwLCJkZWxldGUiOjE4MDAwMDAwMDAwMDAsInJlYWQiOjMwMDAwMDAwMDAwMCwidXBkYXRlIjoxODAwMDAwMDAwMDAwfX0=",
          "dependencies": [
            "azurerm_public_ip.linux_pip",
            "azurerm_resource_group.rg2",
            "azurerm_subnet.subnet",
            "azurerm_virtual_network.vnet"
          ]
        }
      ]
    },
    {
      "mode": "managed",
      "type": "azurerm_network_security_group",
      "name": "nsg",
      "provider": "provider[\"registry.terraform.io/hashicorp/azurerm\"]",
      "instances": [
        {
          "schema_version": 0,
          "attributes": {
            "id": "/subscriptions/18821dae-fb44-44a1-805a-e1edd2ef9b06/resourceGroups/TerraformRG/providers/Microsoft.Network/networkSecurityGroups/Network-nsg1",
            "location": "canadaeast",
            "name": "Network-nsg1",
            "resource_group_name": "TerraformRG",
            "security_rule": [
              {
                "access": "Allow",
                "description": "",
                "destination_address_prefix": "*",
                "destination_address_prefixes": [],
                "destination_application_security_group_ids": [],
                "destination_port_range": "22",
                "destination_port_ranges": [],
                "direction": "inbound",
                "name": "rule1",
                "priority": 100,
                "protocol": "Tcp",
                "source_address_prefix": "*",
                "source_address_prefixes": [],
                "source_application_security_group_ids": [],
                "source_port_range": "*",
                "source_port_ranges": []
              }
            ],
            "tags": {},
            "timeouts": null
          },
          "sensitive_attributes": [],
          "private": "eyJlMmJmYjczMC1lY2FhLTExZTYtOGY4OC0zNDM2M2JjN2M0YzAiOnsiY3JlYXRlIjoxODAwMDAwMDAwMDAwLCJkZWxldGUiOjE4MDAwMDAwMDAwMDAsInJlYWQiOjMwMDAwMDAwMDAwMCwidXBkYXRlIjoxODAwMDAwMDAwMDAwfX0=",
          "dependencies": [
            "azurerm_resource_group.rg2"
          ]
        }
      ]
    },
    {
      "mode": "managed",
      "type": "azurerm_network_security_group",
      "name": "nsg2",
      "provider": "provider[\"registry.terraform.io/hashicorp/azurerm\"]",
      "instances": [
        {
          "schema_version": 0,
          "attributes": {
            "id": "/subscriptions/18821dae-fb44-44a1-805a-e1edd2ef9b06/resourceGroups/TerraformRG/providers/Microsoft.Network/networkSecurityGroups/Network-nsg2",
            "location": "canadaeast",
            "name": "Network-nsg2",
            "resource_group_name": "TerraformRG",
            "security_rule": [
              {
                "access": "Allow",
                "description": "",
                "destination_address_prefix": "*",
                "destination_address_prefixes": [],
                "destination_application_security_group_ids": [],
                "destination_port_range": "3389",
                "destination_port_ranges": [],
                "direction": "inbound",
                "name": "rule1",
                "priority": 100,
                "protocol": "Tcp",
                "source_address_prefix": "*",
                "source_address_prefixes": [],
                "source_application_security_group_ids": [],
                "source_port_range": "*",
                "source_port_ranges": []
              },
              {
                "access": "Allow",
                "description": "",
                "destination_address_prefix": "*",
                "destination_address_prefixes": [],
                "destination_application_security_group_ids": [],
                "destination_port_range": "5985",
                "destination_port_ranges": [],
                "direction": "inbound",
                "name": "rule2",
                "priority": 200,
                "protocol": "Tcp",
                "source_address_prefix": "*",
                "source_address_prefixes": [],
                "source_application_security_group_ids": [],
                "source_port_range": "*",
                "source_port_ranges": []
              }
            ],
            "tags": {},
            "timeouts": null
          },
          "sensitive_attributes": [],
          "private": "eyJlMmJmYjczMC1lY2FhLTExZTYtOGY4OC0zNDM2M2JjN2M0YzAiOnsiY3JlYXRlIjoxODAwMDAwMDAwMDAwLCJkZWxldGUiOjE4MDAwMDAwMDAwMDAsInJlYWQiOjMwMDAwMDAwMDAwMCwidXBkYXRlIjoxODAwMDAwMDAwMDAwfX0=",
          "dependencies": [
            "azurerm_resource_group.rg2"
          ]
        }
      ]
    },
    {
      "mode": "managed",
      "type": "azurerm_public_ip",
      "name": "linux_pip",
      "provider": "provider[\"registry.terraform.io/hashicorp/azurerm\"]",
      "instances": [
        {
          "schema_version": 0,
          "attributes": {
            "allocation_method": "Dynamic",
            "availability_zone": "No-Zone",
            "domain_name_label": null,
            "fqdn": null,
            "id": "/subscriptions/18821dae-fb44-44a1-805a-e1edd2ef9b06/resourceGroups/TerraformRG/providers/Microsoft.Network/publicIPAddresses/lab03s2-db1-u-vm1-pip",
            "idle_timeout_in_minutes": 4,
            "ip_address": "",
            "ip_tags": {},
            "ip_version": "IPv4",
            "location": "canadaeast",
            "name": "lab03s2-db1-u-vm1-pip",
            "public_ip_prefix_id": null,
            "resource_group_name": "TerraformRG",
            "reverse_fqdn": null,
            "sku": "Basic",
            "sku_tier": "Regional",
            "tags": {},
            "timeouts": null,
            "zones": []
          },
          "sensitive_attributes": [],
          "private": "eyJlMmJmYjczMC1lY2FhLTExZTYtOGY4OC0zNDM2M2JjN2M0YzAiOnsiY3JlYXRlIjoxODAwMDAwMDAwMDAwLCJkZWxldGUiOjE4MDAwMDAwMDAwMDAsInJlYWQiOjMwMDAwMDAwMDAwMCwidXBkYXRlIjoxODAwMDAwMDAwMDAwfX0=",
          "dependencies": [
            "azurerm_resource_group.rg2"
          ]
        }
      ]
    },
    {
      "mode": "managed",
      "type": "azurerm_resource_group",
      "name": "rg2",
      "provider": "provider[\"registry.terraform.io/hashicorp/azurerm\"]",
      "instances": [
        {
          "schema_version": 0,
          "attributes": {
            "id": "/subscriptions/18821dae-fb44-44a1-805a-e1edd2ef9b06/resourceGroups/TerraformRG",
            "location": "canadaeast",
            "name": "TerraformRG",
            "tags": {},
            "timeouts": null
          },
          "sensitive_attributes": [],
          "private": "eyJlMmJmYjczMC1lY2FhLTExZTYtOGY4OC0zNDM2M2JjN2M0YzAiOnsiY3JlYXRlIjo1NDAwMDAwMDAwMDAwLCJkZWxldGUiOjU0MDAwMDAwMDAwMDAsInJlYWQiOjMwMDAwMDAwMDAwMCwidXBkYXRlIjo1NDAwMDAwMDAwMDAwfX0="
        }
      ]
    },
    {
      "mode": "managed",
      "type": "azurerm_subnet",
      "name": "subnet",
      "provider": "provider[\"registry.terraform.io/hashicorp/azurerm\"]",
      "instances": [
        {
          "schema_version": 0,
          "attributes": {
            "address_prefix": "10.0.1.0/24",
            "address_prefixes": [
              "10.0.1.0/24"
            ],
            "delegation": [],
            "enforce_private_link_endpoint_network_policies": false,
            "enforce_private_link_service_network_policies": false,
            "id": "/subscriptions/18821dae-fb44-44a1-805a-e1edd2ef9b06/resourceGroups/TerraformRG/providers/Microsoft.Network/virtualNetworks/network-vnet/subnets/network-subnet01",
            "name": "network-subnet01",
            "resource_group_name": "TerraformRG",
            "service_endpoint_policy_ids": [],
            "service_endpoints": [],
            "timeouts": null,
            "virtual_network_name": "network-vnet"
          },
          "sensitive_attributes": [],
          "private": "eyJlMmJmYjczMC1lY2FhLTExZTYtOGY4OC0zNDM2M2JjN2M0YzAiOnsiY3JlYXRlIjoxODAwMDAwMDAwMDAwLCJkZWxldGUiOjE4MDAwMDAwMDAwMDAsInJlYWQiOjMwMDAwMDAwMDAwMCwidXBkYXRlIjoxODAwMDAwMDAwMDAwfX0=",
          "dependencies": [
            "azurerm_virtual_network.vnet"
          ]
        }
      ]
    },
    {
      "mode": "managed",
      "type": "azurerm_subnet",
      "name": "subnet2",
      "provider": "provider[\"registry.terraform.io/hashicorp/azurerm\"]",
      "instances": [
        {
          "schema_version": 0,
          "attributes": {
            "address_prefix": "10.0.2.0/24",
            "address_prefixes": [
              "10.0.2.0/24"
            ],
            "delegation": [],
            "enforce_private_link_endpoint_network_policies": false,
            "enforce_private_link_service_network_policies": false,
            "id": "/subscriptions/18821dae-fb44-44a1-805a-e1edd2ef9b06/resourceGroups/TerraformRG/providers/Microsoft.Network/virtualNetworks/network-vnet/subnets/network-subnet02",
            "name": "network-subnet02",
            "resource_group_name": "TerraformRG",
            "service_endpoint_policy_ids": [],
            "service_endpoints": [],
            "timeouts": null,
            "virtual_network_name": "network-vnet"
          },
          "sensitive_attributes": [],
          "private": "eyJlMmJmYjczMC1lY2FhLTExZTYtOGY4OC0zNDM2M2JjN2M0YzAiOnsiY3JlYXRlIjoxODAwMDAwMDAwMDAwLCJkZWxldGUiOjE4MDAwMDAwMDAwMDAsInJlYWQiOjMwMDAwMDAwMDAwMCwidXBkYXRlIjoxODAwMDAwMDAwMDAwfX0=",
          "dependencies": [
            "azurerm_virtual_network.vnet"
          ]
        }
      ]
    },
    {
      "mode": "managed",
      "type": "azurerm_subnet_network_security_group_association",
      "name": "subnet_association",
      "provider": "provider[\"registry.terraform.io/hashicorp/azurerm\"]",
      "instances": [
        {
          "schema_version": 0,
          "attributes": {
            "id": "/subscriptions/18821dae-fb44-44a1-805a-e1edd2ef9b06/resourceGroups/TerraformRG/providers/Microsoft.Network/virtualNetworks/network-vnet/subnets/network-subnet01",
            "network_security_group_id": "/subscriptions/18821dae-fb44-44a1-805a-e1edd2ef9b06/resourceGroups/TerraformRG/providers/Microsoft.Network/networkSecurityGroups/Network-nsg1",
            "subnet_id": "/subscriptions/18821dae-fb44-44a1-805a-e1edd2ef9b06/resourceGroups/TerraformRG/providers/Microsoft.Network/virtualNetworks/network-vnet/subnets/network-subnet01",
            "timeouts": null
          },
          "sensitive_attributes": [],
          "private": "eyJlMmJmYjczMC1lY2FhLTExZTYtOGY4OC0zNDM2M2JjN2M0YzAiOnsiY3JlYXRlIjoxODAwMDAwMDAwMDAwLCJkZWxldGUiOjE4MDAwMDAwMDAwMDAsInJlYWQiOjMwMDAwMDAwMDAwMCwidXBkYXRlIjoxODAwMDAwMDAwMDAwfX0=",
          "dependencies": [
            "azurerm_subnet.subnet",
            "azurerm_virtual_network.vnet",
            "azurerm_network_security_group.nsg",
            "azurerm_resource_group.rg2"
          ]
        }
      ]
    },
    {
      "mode": "managed",
      "type": "azurerm_subnet_network_security_group_association",
      "name": "subnet_association2",
      "provider": "provider[\"registry.terraform.io/hashicorp/azurerm\"]",
      "instances": [
        {
          "schema_version": 0,
          "attributes": {
            "id": "/subscriptions/18821dae-fb44-44a1-805a-e1edd2ef9b06/resourceGroups/TerraformRG/providers/Microsoft.Network/virtualNetworks/network-vnet/subnets/network-subnet02",
            "network_security_group_id": "/subscriptions/18821dae-fb44-44a1-805a-e1edd2ef9b06/resourceGroups/TerraformRG/providers/Microsoft.Network/networkSecurityGroups/Network-nsg2",
            "subnet_id": "/subscriptions/18821dae-fb44-44a1-805a-e1edd2ef9b06/resourceGroups/TerraformRG/providers/Microsoft.Network/virtualNetworks/network-vnet/subnets/network-subnet02",
            "timeouts": null
          },
          "sensitive_attributes": [],
          "private": "eyJlMmJmYjczMC1lY2FhLTExZTYtOGY4OC0zNDM2M2JjN2M0YzAiOnsiY3JlYXRlIjoxODAwMDAwMDAwMDAwLCJkZWxldGUiOjE4MDAwMDAwMDAwMDAsInJlYWQiOjMwMDAwMDAwMDAwMCwidXBkYXRlIjoxODAwMDAwMDAwMDAwfX0=",
          "dependencies": [
            "azurerm_virtual_network.vnet",
            "azurerm_network_security_group.nsg2",
            "azurerm_resource_group.rg2",
            "azurerm_subnet.subnet2"
          ]
        }
      ]
    },
    {
      "mode": "managed",
      "type": "azurerm_virtual_network",
      "name": "vnet",
      "provider": "provider[\"registry.terraform.io/hashicorp/azurerm\"]",
      "instances": [
        {
          "schema_version": 0,
          "attributes": {
            "address_space": [
              "10.0.0.0/16"
            ],
            "bgp_community": "",
            "ddos_protection_plan": [],
            "dns_servers": [],
            "flow_timeout_in_minutes": 0,
            "guid": "a0119d69-c66c-487c-9960-966023e0c2a8",
            "id": "/subscriptions/18821dae-fb44-44a1-805a-e1edd2ef9b06/resourceGroups/TerraformRG/providers/Microsoft.Network/virtualNetworks/network-vnet",
            "location": "canadaeast",
            "name": "network-vnet",
            "resource_group_name": "TerraformRG",
            "subnet": [
              {
                "address_prefix": "10.0.1.0/24",
                "id": "/subscriptions/18821dae-fb44-44a1-805a-e1edd2ef9b06/resourceGroups/TerraformRG/providers/Microsoft.Network/virtualNetworks/network-vnet/subnets/network-subnet01",
                "name": "network-subnet01",
                "security_group": "/subscriptions/18821dae-fb44-44a1-805a-e1edd2ef9b06/resourceGroups/TerraformRG/providers/Microsoft.Network/networkSecurityGroups/Network-nsg1"
              },
              {
                "address_prefix": "10.0.2.0/24",
                "id": "/subscriptions/18821dae-fb44-44a1-805a-e1edd2ef9b06/resourceGroups/TerraformRG/providers/Microsoft.Network/virtualNetworks/network-vnet/subnets/network-subnet02",
                "name": "network-subnet02",
                "security_group": "/subscriptions/18821dae-fb44-44a1-805a-e1edd2ef9b06/resourceGroups/TerraformRG/providers/Microsoft.Network/networkSecurityGroups/Network-nsg2"
              }
            ],
            "tags": {},
            "timeouts": null,
            "vm_protection_enabled": false
          },
          "sensitive_attributes": [],
          "private": "eyJlMmJmYjczMC1lY2FhLTExZTYtOGY4OC0zNDM2M2JjN2M0YzAiOnsiY3JlYXRlIjoxODAwMDAwMDAwMDAwLCJkZWxldGUiOjE4MDAwMDAwMDAwMDAsInJlYWQiOjMwMDAwMDAwMDAwMCwidXBkYXRlIjoxODAwMDAwMDAwMDAwfX0="
        }
      ]
    }
  ]
}
